
Microsoft Visual Studio Solution File, Format Version 12.00
# Visual Studio Version 17
VisualStudioVersion = 17.1.32328.378
MinimumVisualStudioVersion = 10.0.40219.1
Project("{888888A0-9F3D-457C-B088-3A5042F75D52}") = "BG770A", "BG770A.pyproj", "{BC8707BB-8BF3-4490-B43A-2DC35D85DE39}"
EndProject
Global
	GlobalSection(SolutionConfigurationPlatforms) = preSolution
		Debug|Any CPU = Debug|Any CPU
		Release|Any CPU = Release|Any CPU
	EndGlobalSection
	GlobalSection(ProjectConfigurationPlatforms) = postSolution
		{BC8707BB-8BF3-4490-B43A-2DC35D85DE39}.Debug|Any CPU.ActiveCfg = Debug|Any CPU
		{BC8707BB-8BF3-4490-B43A-2DC35D85DE39}.Release|Any CPU.ActiveCfg = Release|Any CPU
	EndGlobalSection
	GlobalSection(SolutionProperties) = preSolution
		HideSolutionNode = FALSE
	EndGlobalSection
	GlobalSection(ExtensibilityGlobals) = postSolution
		SolutionGuid = {6F3B965E-75BB-418E-98CD-4AB17A728257}
	EndGlobalSection
EndGlobal
